
Microsoft Visual Studio Solution File, Format Version 12.00
# Visual Studio Version 17
VisualStudioVersion = 17.7.34024.191
MinimumVisualStudioVersion = 10.0.40219.1
Project("{FAE04EC0-301F-11D3-BF4B-00C04F79EFBC}") = "ut", "ut.csproj", "{A6C6EAE6-E685-4556-9E73-C1F7AD28969B}"
EndProject
Global
	GlobalSection(SolutionConfigurationPlatforms) = preSolution
		Debug|Any CPU = Debug|Any CPU
		Release|Any CPU = Release|Any CPU
	EndGlobalSection
	GlobalSection(ProjectConfigurationPlatforms) = postSolution
		{A6C6EAE6-E685-4556-9E73-C1F7AD28969B}.Debug|Any CPU.ActiveCfg = Debug|Any CPU
		{A6C6EAE6-E685-4556-9E73-C1F7AD28969B}.Debug|Any CPU.Build.0 = Debug|Any CPU
		{A6C6EAE6-E685-4556-9E73-C1F7AD28969B}.Release|Any CPU.ActiveCfg = Release|Any CPU
		{A6C6EAE6-E685-4556-9E73-C1F7AD28969B}.Release|Any CPU.Build.0 = Release|Any CPU
	EndGlobalSection
	GlobalSection(SolutionProperties) = preSolution
		HideSolutionNode = FALSE
	EndGlobalSection
	GlobalSection(ExtensibilityGlobals) = postSolution
		SolutionGuid = {8DC83237-9813-433A-B3D6-E7A4F1A1A417}
	EndGlobalSection
EndGlobal
